lockfileVersion: '9.0'

settings:
  autoInstallPeers: true
  excludeLinksFromLockfile: false

importers:

  .:
    dependencies:
      '@hono/node-server':
        specifier: ^1.14.1
        version: 1.19.11(hono@4.12.9)
      hono:
        specifier: ^4.7.9
        version: 4.12.9

packages:

  '@hono/node-server@1.19.11':
    resolution: {integrity: sha512-dr8/3zEaB+p0D2n/IUrlPF1HZm586qgJNXK1a9fhg/PzdtkK7Ksd5l312tJX2yBuALqDYBlG20QEbayqPyxn+g==}
    engines: {node: '>=18.14.1'}
    peerDependencies:
      hono: ^4

  hono@4.12.9:
    resolution: {integrity: sha512-wy3T8Zm2bsEvxKZM5w21VdHDDcwVS1yUFFY6i8UobSsKfFceT7TOwhbhfKsDyx7tYQlmRM5FLpIuYvNFyjctiA==}
    engines: {node: '>=16.9.0'}

snapshots:

  '@hono/node-server@1.19.11(hono@4.12.9)':
    dependencies:
      hono: 4.12.9

  hono@4.12.9: {}
