lockfileVersion: '9.0'

settings:
  autoInstallPeers: true
  excludeLinksFromLockfile: false

importers:

  .:
    dependencies:
      '@hono/node-server':
        specifier: ^1.19.14
        version: 1.19.14(hono@4.12.14)
      hono:
        specifier: ^4.12.14
        version: 4.12.14

packages:

  '@hono/node-server@1.19.14':
    resolution: {integrity: sha512-GwtvgtXxnWsucXvbQXkRgqksiH2Qed37H9xHZocE5sA3N8O8O8/8FA3uclQXxXVzc9XBZuEOMK7+r02FmSpHtw==}
    engines: {node: '>=18.14.1'}
    peerDependencies:
      hono: ^4

  hono@4.12.14:
    resolution: {integrity: sha512-am5zfg3yu6sqn5yjKBNqhnTX7Cv+m00ox+7jbaKkrLMRJ4rAdldd1xPd/JzbBWspqaQv6RSTrgFN95EsfhC+7w==}
    engines: {node: '>=16.9.0'}

snapshots:

  '@hono/node-server@1.19.14(hono@4.12.14)':
    dependencies:
      hono: 4.12.14

  hono@4.12.14: {}
