lockfileVersion: '9.0'

settings:
  autoInstallPeers: true
  excludeLinksFromLockfile: false

importers:

  .:
    dependencies:
      '@statico/zerodep-node-http-server':
        specifier: ^0.1.0
        version: 0.1.0

packages:

  '@statico/zerodep-node-http-server@0.1.0':
    resolution: {integrity: sha512-f56h2cZtiqjEi5OkZ4KEJ/9nPnSB5of2EBHD20ywD10SXQoSkG7Bbs66M2ZuWplzcxDvJ6G2hM79SaYswKSYGw==}
    engines: {node: '>=22'}

snapshots:

  '@statico/zerodep-node-http-server@0.1.0': {}
